
Microsoft Visual Studio Solution File, Format Version 12.00
# Visual Studio Version 16
VisualStudioVersion = 16.0.30523.141
MinimumVisualStudioVersion = 10.0.40219.1
Project("{9A19103F-16F7-4668-BE54-9A1E7A4F7556}") = "ING.GEP.CodingChallenge", "ING.GEP.CodingChallenge\ING.GEP.CodingChallenge.csproj", "{F2A28E58-766D-4787-95E1-8161789ADE58}"
EndProject
Project("{9A19103F-16F7-4668-BE54-9A1E7A4F7556}") = "ING.GEP.CodingChallenge.Core", "ING.GEP.CodingChallenge.Core\ING.GEP.CodingChallenge.Core.csproj", "{27D2983B-E4EA-4A51-92F9-988188CC6F6B}"
EndProject
Project("{FAE04EC0-301F-11D3-BF4B-00C04F79EFBC}") = "ING.GEP.CodingChallenge.Core.Tests", "ING.GEP.CodingChallenge.Core.Tests\ING.GEP.CodingChallenge.Core.Tests.csproj", "{1090C0AA-571B-43AD-A115-B1DD1D487F3F}"
EndProject
Global
	GlobalSection(SolutionConfigurationPlatforms) = preSolution
		Debug|Any CPU = Debug|Any CPU
		Release|Any CPU = Release|Any CPU
	EndGlobalSection
	GlobalSection(ProjectConfigurationPlatforms) = postSolution
		{F2A28E58-766D-4787-95E1-8161789ADE58}.Debug|Any CPU.ActiveCfg = Debug|Any CPU
		{F2A28E58-766D-4787-95E1-8161789ADE58}.Debug|Any CPU.Build.0 = Debug|Any CPU
		{F2A28E58-766D-4787-95E1-8161789ADE58}.Release|Any CPU.ActiveCfg = Release|Any CPU
		{F2A28E58-766D-4787-95E1-8161789ADE58}.Release|Any CPU.Build.0 = Release|Any CPU
		{27D2983B-E4EA-4A51-92F9-988188CC6F6B}.Debug|Any CPU.ActiveCfg = Debug|Any CPU
		{27D2983B-E4EA-4A51-92F9-988188CC6F6B}.Debug|Any CPU.Build.0 = Debug|Any CPU
		{27D2983B-E4EA-4A51-92F9-988188CC6F6B}.Release|Any CPU.ActiveCfg = Release|Any CPU
		{27D2983B-E4EA-4A51-92F9-988188CC6F6B}.Release|Any CPU.Build.0 = Release|Any CPU
		{1090C0AA-571B-43AD-A115-B1DD1D487F3F}.Debug|Any CPU.ActiveCfg = Debug|Any CPU
		{1090C0AA-571B-43AD-A115-B1DD1D487F3F}.Debug|Any CPU.Build.0 = Debug|Any CPU
		{1090C0AA-571B-43AD-A115-B1DD1D487F3F}.Release|Any CPU.ActiveCfg = Release|Any CPU
		{1090C0AA-571B-43AD-A115-B1DD1D487F3F}.Release|Any CPU.Build.0 = Release|Any CPU
	EndGlobalSection
	GlobalSection(SolutionProperties) = preSolution
		HideSolutionNode = FALSE
	EndGlobalSection
	GlobalSection(ExtensibilityGlobals) = postSolution
		SolutionGuid = {052662C2-5263-4C4F-94A3-9CE358F6A7AD}
	EndGlobalSection
EndGlobal
